// !$*UTF8*$!
{
	archiveVersion = 1;
	classes = {
	};
	objectVersion = 46;
	objects = {

/* Begin PBXBuildFile section */
		7E4DE06418BFBF680066FC8F /* Foundation.framework in Frameworks */ = {isa = PBXBuildFile; fileRef = 7E4DE06318BFBF680066FC8F /* Foundation.framework */; };
		7E4DE06618BFBF690066FC8F /* CoreGraphics.framework in Frameworks */ = {isa = PBXBuildFile; fileRef = 7E4DE06518BFBF690066FC8F /* CoreGraphics.framework */; };
		7E4DE06818BFBF690066FC8F /* UIKit.framework in Frameworks */ = {isa = PBXBuildFile; fileRef = 7E4DE06718BFBF690066FC8F /* UIKit.framework */; };
		7E4DE06E18BFBF690066FC8F /* InfoPlist.strings in Resources */ = {isa = PBXBuildFile; fileRef = 7E4DE06C18BFBF690066FC8F /* InfoPlist.strings */; };
		7E4DE07018BFBF690066FC8F /* main.m in Sources */ = {isa = PBXBuildFile; fileRef = 7E4DE06F18BFBF690066FC8F /* main.m */; };
		7E4DE07418BFBF690066FC8F /* AppDelegate.m in Sources */ = {isa = PBXBuildFile; fileRef = 7E4DE07318BFBF690066FC8F /* AppDelegate.m */; };
		7E4DE07618BFBF690066FC8F /* Images.xcassets in Resources */ = {isa = PBXBuildFile; fileRef = 7E4DE07518BFBF690066FC8F /* Images.xcassets */; };
		7E4DE07D18BFBF690066FC8F /* XCTest.framework in Frameworks */ = {isa = PBXBuildFile; fileRef = 7E4DE07C18BFBF690066FC8F /* XCTest.framework */; };
		7E4DE07E18BFBF690066FC8F /* Foundation.framework in Frameworks */ = {isa = PBXBuildFile; fileRef = 7E4DE06318BFBF680066FC8F /* Foundation.framework */; };
		7E4DE07F18BFBF690066FC8F /* UIKit.framework in Frameworks */ = {isa = PBXBuildFile; fileRef = 7E4DE06718BFBF690066FC8F /* UIKit.framework */; };
		7E4DE08718BFBF690066FC8F /* InfoPlist.strings in Resources */ = {isa = PBXBuildFile; fileRef = 7E4DE08518BFBF690066FC8F /* InfoPlist.strings */; };
		7E4DE08918BFBF690066FC8F /* DesposableClassTests.m in Sources */ = {isa = PBXBuildFile; fileRef = 7E4DE08818BFBF690066FC8F /* DesposableClassTests.m */; };
		7E4DE09818BFBFB70066FC8F /* NSObject+desposableClass.m in Sources */ = {isa = PBXBuildFile; fileRef = 7E4DE09718BFBFB70066FC8F /* NSObject+desposableClass.m */; };
/* End PBXBuildFile section */

/* Begin PBXContainerItemProxy section */
		7E4DE08018BFBF690066FC8F /* PBXContainerItemProxy */ = {
			isa = PBXContainerItemProxy;
			containerPortal = 7E4DE05818BFBF680066FC8F /* Project object */;
			proxyType = 1;
			remoteGlobalIDString = 7E4DE05F18BFBF680066FC8F;
			remoteInfo = DesposableClass;
		};
/* End PBXContainerItemProxy section */

/* Begin PBXFileReference section */
		7E4DE06018BFBF680066FC8F /* DesposableClass.app */ = {isa = PBXFileReference; explicitFileType = wrapper.application; includeInIndex = 0; path = DesposableClass.app; sourceTree = BUILT_PRODUCTS_DIR; };
		7E4DE06318BFBF680066FC8F /* Foundation.framework */ = {isa = PBXFileReference; lastKnownFileType = wrapper.framework; name = Foundation.framework; path = System/Library/Frameworks/Foundation.framework; sourceTree = SDKROOT; };
		7E4DE06518BFBF690066FC8F /* CoreGraphics.framework */ = {isa = PBXFileReference; lastKnownFileType = wrapper.framework; name = CoreGraphics.framework; path = System/Library/Frameworks/CoreGraphics.framework; sourceTree = SDKROOT; };
		7E4DE06718BFBF690066FC8F /* UIKit.framework */ = {isa = PBXFileReference; lastKnownFileType = wrapper.framework; name = UIKit.framework; path = System/Library/Frameworks/UIKit.framework; sourceTree = SDKROOT; };
		7E4DE06B18BFBF690066FC8F /* DesposableClass-Info.plist */ = {isa = PBXFileReference; lastKnownFileType = text.plist.xml; path = "DesposableClass-Info.plist"; sourceTree = "<group>"; };
		7E4DE06D18BFBF690066FC8F /* en */ = {isa = PBXFileReference; lastKnownFileType = text.plist.strings; name = en; path = en.lproj/InfoPlist.strings; sourceTree = "<group>"; };
		7E4DE06F18BFBF690066FC8F /* main.m */ = {isa = PBXFileReference; lastKnownFileType = sourcecode.c.objc; path = main.m; sourceTree = "<group>"; };
		7E4DE07118BFBF690066FC8F /* DesposableClass-Prefix.pch */ = {isa = PBXFileReference; lastKnownFileType = sourcecode.c.h; path = "DesposableClass-Prefix.pch"; sourceTree = "<group>"; };
		7E4DE07218BFBF690066FC8F /* AppDelegate.h */ = {isa = PBXFileReference; lastKnownFileType = sourcecode.c.h; path = AppDelegate.h; sourceTree = "<group>"; };
		7E4DE07318BFBF690066FC8F /* AppDelegate.m */ = {isa = PBXFileReference; lastKnownFileType = sourcecode.c.objc; path = AppDelegate.m; sourceTree = "<group>"; };
		7E4DE07518BFBF690066FC8F /* Images.xcassets */ = {isa = PBXFileReference; lastKnownFileType = folder.assetcatalog; path = Images.xcassets; sourceTree = "<group>"; };
		7E4DE07B18BFBF690066FC8F /* DesposableClassTests.xctest */ = {isa = PBXFileReference; explicitFileType = wrapper.cfbundle; includeInIndex = 0; path = DesposableClassTests.xctest; sourceTree = BUILT_PRODUCTS_DIR; };
		7E4DE07C18BFBF690066FC8F /* XCTest.framework */ = {isa = PBXFileReference; lastKnownFileType = wrapper.framework; name = XCTest.framework; path = Library/Frameworks/XCTest.framework; sourceTree = DEVELOPER_DIR; };
		7E4DE08418BFBF690066FC8F /* DesposableClassTests-Info.plist */ = {isa = PBXFileReference; lastKnownFileType = text.plist.xml; path = "DesposableClassTests-Info.plist"; sourceTree = "<group>"; };
		7E4DE08618BFBF690066FC8F /* en */ = {isa = PBXFileReference; lastKnownFileType = text.plist.strings; name = en; path = en.lproj/InfoPlist.strings; sourceTree = "<group>"; };
		7E4DE08818BFBF690066FC8F /* DesposableClassTests.m */ = {isa = PBXFileReference; lastKnownFileType = sourcecode.c.objc; path = DesposableClassTests.m; sourceTree = "<group>"; };
		7E4DE09618BFBFB70066FC8F /* NSObject+desposableClass.h */ = {isa = PBXFileReference; fileEncoding = 4; lastKnownFileType = sourcecode.c.h; name = "NSObject+desposableClass.h"; path = "DesposableClass/NSObject+desposableClass.h"; sourceTree = "<group>"; };
		7E4DE09718BFBFB70066FC8F /* NSObject+desposableClass.m */ = {isa = PBXFileReference; fileEncoding = 4; lastKnownFileType = sourcecode.c.objc; name = "NSObject+desposableClass.m"; path = "DesposableClass/NSObject+desposableClass.m"; sourceTree = "<group>"; };
/* End PBXFileReference section */

/* Begin PBXFrameworksBuildPhase section */
		7E4DE05D18BFBF680066FC8F /* Frameworks */ = {
			isa = PBXFrameworksBuildPhase;
			buildActionMask = 2147483647;
			files = (
				7E4DE06618BFBF690066FC8F /* CoreGraphics.framework in Frameworks */,
				7E4DE06818BFBF690066FC8F /* UIKit.framework in Frameworks */,
				7E4DE06418BFBF680066FC8F /* Foundation.framework in Frameworks */,
			);
			runOnlyForDeploymentPostprocessing = 0;
		};
		7E4DE07818BFBF690066FC8F /* Frameworks */ = {
			isa = PBXFrameworksBuildPhase;
			buildActionMask = 2147483647;
			files = (
				7E4DE07D18BFBF690066FC8F /* XCTest.framework in Frameworks */,
				7E4DE07F18BFBF690066FC8F /* UIKit.framework in Frameworks */,
				7E4DE07E18BFBF690066FC8F /* Foundation.framework in Frameworks */,
			);
			runOnlyForDeploymentPostprocessing = 0;
		};
/* End PBXFrameworksBuildPhase section */

/* Begin PBXGroup section */
		7E4DE05718BFBF680066FC8F = {
			isa = PBXGroup;
			children = (
				7E4DE06918BFBF690066FC8F /* DesposableClass */,
				7E4DE08218BFBF690066FC8F /* DesposableClassTests */,
				7E4DE06218BFBF680066FC8F /* Frameworks */,
				7E4DE06118BFBF680066FC8F /* Products */,
			);
			sourceTree = "<group>";
		};
		7E4DE06118BFBF680066FC8F /* Products */ = {
			isa = PBXGroup;
			children = (
				7E4DE06018BFBF680066FC8F /* DesposableClass.app */,
				7E4DE07B18BFBF690066FC8F /* DesposableClassTests.xctest */,
			);
			name = Products;
			sourceTree = "<group>";
		};
		7E4DE06218BFBF680066FC8F /* Frameworks */ = {
			isa = PBXGroup;
			children = (
				7E4DE06318BFBF680066FC8F /* Foundation.framework */,
				7E4DE06518BFBF690066FC8F /* CoreGraphics.framework */,
				7E4DE06718BFBF690066FC8F /* UIKit.framework */,
				7E4DE07C18BFBF690066FC8F /* XCTest.framework */,
			);
			name = Frameworks;
			sourceTree = "<group>";
		};
		7E4DE06918BFBF690066FC8F /* DesposableClass */ = {
			isa = PBXGroup;
			children = (
				7E4DE09218BFBF840066FC8F /* DesposableClass */,
				7E4DE07218BFBF690066FC8F /* AppDelegate.h */,
				7E4DE07318BFBF690066FC8F /* AppDelegate.m */,
				7E4DE07518BFBF690066FC8F /* Images.xcassets */,
				7E4DE06A18BFBF690066FC8F /* Supporting Files */,
			);
			path = DesposableClass;
			sourceTree = "<group>";
		};
		7E4DE06A18BFBF690066FC8F /* Supporting Files */ = {
			isa = PBXGroup;
			children = (
				7E4DE06B18BFBF690066FC8F /* DesposableClass-Info.plist */,
				7E4DE06C18BFBF690066FC8F /* InfoPlist.strings */,
				7E4DE06F18BFBF690066FC8F /* main.m */,
				7E4DE07118BFBF690066FC8F /* DesposableClass-Prefix.pch */,
			);
			name = "Supporting Files";
			sourceTree = "<group>";
		};
		7E4DE08218BFBF690066FC8F /* DesposableClassTests */ = {
			isa = PBXGroup;
			children = (
				7E4DE08818BFBF690066FC8F /* DesposableClassTests.m */,
				7E4DE08318BFBF690066FC8F /* Supporting Files */,
			);
			path = DesposableClassTests;
			sourceTree = "<group>";
		};
		7E4DE08318BFBF690066FC8F /* Supporting Files */ = {
			isa = PBXGroup;
			children = (
				7E4DE08418BFBF690066FC8F /* DesposableClassTests-Info.plist */,
				7E4DE08518BFBF690066FC8F /* InfoPlist.strings */,
			);
			name = "Supporting Files";
			sourceTree = "<group>";
		};
		7E4DE09218BFBF840066FC8F /* DesposableClass */ = {
			isa = PBXGroup;
			children = (
				7E4DE09618BFBFB70066FC8F /* NSObject+desposableClass.h */,
				7E4DE09718BFBFB70066FC8F /* NSObject+desposableClass.m */,
			);
			name = DesposableClass;
			sourceTree = "<group>";
		};
/* End PBXGroup section */

/* Begin PBXNativeTarget section */
		7E4DE05F18BFBF680066FC8F /* DesposableClass */ = {
			isa = PBXNativeTarget;
			buildConfigurationList = 7E4DE08C18BFBF690066FC8F /* Build configuration list for PBXNativeTarget "DesposableClass" */;
			buildPhases = (
				7E4DE05C18BFBF680066FC8F /* Sources */,
				7E4DE05D18BFBF680066FC8F /* Frameworks */,
				7E4DE05E18BFBF680066FC8F /* Resources */,
			);
			buildRules = (
			);
			dependencies = (
			);
			name = DesposableClass;
			productName = DesposableClass;
			productReference = 7E4DE06018BFBF680066FC8F /* DesposableClass.app */;
			productType = "com.apple.product-type.application";
		};
		7E4DE07A18BFBF690066FC8F /* DesposableClassTests */ = {
			isa = PBXNativeTarget;
			buildConfigurationList = 7E4DE08F18BFBF690066FC8F /* Build configuration list for PBXNativeTarget "DesposableClassTests" */;
			buildPhases = (
				7E4DE07718BFBF690066FC8F /* Sources */,
				7E4DE07818BFBF690066FC8F /* Frameworks */,
				7E4DE07918BFBF690066FC8F /* Resources */,
			);
			buildRules = (
			);
			dependencies = (
				7E4DE08118BFBF690066FC8F /* PBXTargetDependency */,
			);
			name = DesposableClassTests;
			productName = DesposableClassTests;
			productReference = 7E4DE07B18BFBF690066FC8F /* DesposableClassTests.xctest */;
			productType = "com.apple.product-type.bundle.unit-test";
		};
/* End PBXNativeTarget section */

/* Begin PBXProject section */
		7E4DE05818BFBF680066FC8F /* Project object */ = {
			isa = PBXProject;
			attributes = {
				LastUpgradeCheck = 0500;
				ORGANIZATIONNAME = Distinction;
				TargetAttributes = {
					7E4DE07A18BFBF690066FC8F = {
						TestTargetID = 7E4DE05F18BFBF680066FC8F;
					};
				};
			};
			buildConfigurationList = 7E4DE05B18BFBF680066FC8F /* Build configuration list for PBXProject "DesposableClass" */;
			compatibilityVersion = "Xcode 3.2";
			developmentRegion = English;
			hasScannedForEncodings = 0;
			knownRegions = (
				en,
			);
			mainGroup = 7E4DE05718BFBF680066FC8F;
			productRefGroup = 7E4DE06118BFBF680066FC8F /* Products */;
			projectDirPath = "";
			projectRoot = "";
			targets = (
				7E4DE05F18BFBF680066FC8F /* DesposableClass */,
				7E4DE07A18BFBF690066FC8F /* DesposableClassTests */,
			);
		};
/* End PBXProject section */

/* Begin PBXResourcesBuildPhase section */
		7E4DE05E18BFBF680066FC8F /* Resources */ = {
			isa = PBXResourcesBuildPhase;
			buildActionMask = 2147483647;
			files = (
				7E4DE06E18BFBF690066FC8F /* InfoPlist.strings in Resources */,
				7E4DE07618BFBF690066FC8F /* Images.xcassets in Resources */,
			);
			runOnlyForDeploymentPostprocessing = 0;
		};
		7E4DE07918BFBF690066FC8F /* Resources */ = {
			isa = PBXResourcesBuildPhase;
			buildActionMask = 2147483647;
			files = (
				7E4DE08718BFBF690066FC8F /* InfoPlist.strings in Resources */,
			);
			runOnlyForDeploymentPostprocessing = 0;
		};
/* End PBXResourcesBuildPhase section */

/* Begin PBXSourcesBuildPhase section */
		7E4DE05C18BFBF680066FC8F /* Sources */ = {
			isa = PBXSourcesBuildPhase;
			buildActionMask = 2147483647;
			files = (
				7E4DE07418BFBF690066FC8F /* AppDelegate.m in Sources */,
				7E4DE09818BFBFB70066FC8F /* NSObject+desposableClass.m in Sources */,
				7E4DE07018BFBF690066FC8F /* main.m in Sources */,
			);
			runOnlyForDeploymentPostprocessing = 0;
		};
		7E4DE07718BFBF690066FC8F /* Sources */ = {
			isa = PBXSourcesBuildPhase;
			buildActionMask = 2147483647;
			files = (
				7E4DE08918BFBF690066FC8F /* DesposableClassTests.m in Sources */,
			);
			runOnlyForDeploymentPostprocessing = 0;
		};
/* End PBXSourcesBuildPhase section */

/* Begin PBXTargetDependency section */
		7E4DE08118BFBF690066FC8F /* PBXTargetDependency */ = {
			isa = PBXTargetDependency;
			target = 7E4DE05F18BFBF680066FC8F /* DesposableClass */;
			targetProxy = 7E4DE08018BFBF690066FC8F /* PBXContainerItemProxy */;
		};
/* End PBXTargetDependency section */

/* Begin PBXVariantGroup section */
		7E4DE06C18BFBF690066FC8F /* InfoPlist.strings */ = {
			isa = PBXVariantGroup;
			children = (
				7E4DE06D18BFBF690066FC8F /* en */,
			);
			name = InfoPlist.strings;
			sourceTree = "<group>";
		};
		7E4DE08518BFBF690066FC8F /* InfoPlist.strings */ = {
			isa = PBXVariantGroup;
			children = (
				7E4DE08618BFBF690066FC8F /* en */,
			);
			name = InfoPlist.strings;
			sourceTree = "<group>";
		};
/* End PBXVariantGroup section */

/* Begin XCBuildConfiguration section */
		7E4DE08A18BFBF690066FC8F /* Debug */ = {
			isa = XCBuildConfiguration;
			buildSettings = {
				ALWAYS_SEARCH_USER_PATHS = NO;
				ARCHS = "$(ARCHS_STANDARD_INCLUDING_64_BIT)";
				CLANG_CXX_LANGUAGE_STANDARD = "gnu++0x";
				CLANG_CXX_LIBRARY = "libc++";
				CLANG_ENABLE_MODULES = YES;
				CLANG_ENABLE_OBJC_ARC = YES;
				CLANG_WARN_BOOL_CONVERSION = YES;
				CLANG_WARN_CONSTANT_CONVERSION = YES;
				CLANG_WARN_DIRECT_OBJC_ISA_USAGE = YES_ERROR;
				CLANG_WARN_EMPTY_BODY = YES;
				CLANG_WARN_ENUM_CONVERSION = YES;
				CLANG_WARN_INT_CONVERSION = YES;
				CLANG_WARN_OBJC_ROOT_CLASS = YES_ERROR;
				CLANG_WARN__DUPLICATE_METHOD_MATCH = YES;
				"CODE_SIGN_IDENTITY[sdk=iphoneos*]" = "iPhone Developer";
				COPY_PHASE_STRIP = NO;
				GCC_C_LANGUAGE_STANDARD = gnu99;
				GCC_DYNAMIC_NO_PIC = NO;
				GCC_OPTIMIZATION_LEVEL = 0;
				GCC_PREPROCESSOR_DEFINITIONS = (
					"DEBUG=1",
					"$(inherited)",
				);
				GCC_SYMBOLS_PRIVATE_EXTERN = NO;
				GCC_WARN_64_TO_32_BIT_CONVERSION = YES;
				GCC_WARN_ABOUT_RETURN_TYPE = YES_ERROR;
				GCC_WARN_UNDECLARED_SELECTOR = YES;
				GCC_WARN_UNINITIALIZED_AUTOS = YES;
				GCC_WARN_UNUSED_FUNCTION = YES;
				GCC_WARN_UNUSED_VARIABLE = YES;
				IPHONEOS_DEPLOYMENT_TARGET = 7.0;
				ONLY_ACTIVE_ARCH = YES;
				SDKROOT = iphoneos;
				TARGETED_DEVICE_FAMILY = "1,2";
			};
			name = Debug;
		};
		7E4DE08B18BFBF690066FC8F /* Release */ = {
			isa = XCBuildConfiguration;
			buildSettings = {
				ALWAYS_SEARCH_USER_PATHS = NO;
				ARCHS = "$(ARCHS_STANDARD_INCLUDING_64_BIT)";
				CLANG_CXX_LANGUAGE_STANDARD = "gnu++0x";
				CLANG_CXX_LIBRARY = "libc++";
				CLANG_ENABLE_MODULES = YES;
				CLANG_ENABLE_OBJC_ARC = YES;
				CLANG_WARN_BOOL_CONVERSION = YES;
				CLANG_WARN_CONSTANT_CONVERSION = YES;
				CLANG_WARN_DIRECT_OBJC_ISA_USAGE = YES_ERROR;
				CLANG_WARN_EMPTY_BODY = YES;
				CLANG_WARN_ENUM_CONVERSION = YES;
				CLANG_WARN_INT_CONVERSION = YES;
				CLANG_WARN_OBJC_ROOT_CLASS = YES_ERROR;
				CLANG_WARN__DUPLICATE_METHOD_MATCH = YES;
				"CODE_SIGN_IDENTITY[sdk=iphoneos*]" = "iPhone Developer";
				COPY_PHASE_STRIP = YES;
				ENABLE_NS_ASSERTIONS = NO;
				GCC_C_LANGUAGE_STANDARD = gnu99;
				GCC_WARN_64_TO_32_BIT_CONVERSION = YES;
				GCC_WARN_ABOUT_RETURN_TYPE = YES_ERROR;
				GCC_WARN_UNDECLARED_SELECTOR = YES;
				GCC_WARN_UNINITIALIZED_AUTOS = YES;
				GCC_WARN_UNUSED_FUNCTION = YES;
				GCC_WARN_UNUSED_VARIABLE = YES;
				IPHONEOS_DEPLOYMENT_TARGET = 7.0;
				SDKROOT = iphoneos;
				TARGETED_DEVICE_FAMILY = "1,2";
				VALIDATE_PRODUCT = YES;
			};
			name = Release;
		};
		7E4DE08D18BFBF690066FC8F /* Debug */ = {
			isa = XCBuildConfiguration;
			buildSettings = {
				ASSETCATALOG_COMPILER_APPICON_NAME = AppIcon;
				ASSETCATALOG_COMPILER_LAUNCHIMAGE_NAME = LaunchImage;
				GCC_PRECOMPILE_PREFIX_HEADER = YES;
				GCC_PREFIX_HEADER = "DesposableClass/DesposableClass-Prefix.pch";
				INFOPLIST_FILE = "DesposableClass/DesposableClass-Info.plist";
				PRODUCT_NAME = "$(TARGET_NAME)";
				WRAPPER_EXTENSION = app;
			};
			name = Debug;
		};
		7E4DE08E18BFBF690066FC8F /* Release */ = {
			isa = XCBuildConfiguration;
			buildSettings = {
				ASSETCATALOG_COMPILER_APPICON_NAME = AppIcon;
				ASSETCATALOG_COMPILER_LAUNCHIMAGE_NAME = LaunchImage;
				GCC_PRECOMPILE_PREFIX_HEADER = YES;
				GCC_PREFIX_HEADER = "DesposableClass/DesposableClass-Prefix.pch";
				INFOPLIST_FILE = "DesposableClass/DesposableClass-Info.plist";
				PRODUCT_NAME = "$(TARGET_NAME)";
				WRAPPER_EXTENSION = app;
			};
			name = Release;
		};
		7E4DE09018BFBF690066FC8F /* Debug */ = {
			isa = XCBuildConfiguration;
			buildSettings = {
				ARCHS = "$(ARCHS_STANDARD_INCLUDING_64_BIT)";
				BUNDLE_LOADER = "$(BUILT_PRODUCTS_DIR)/DesposableClass.app/DesposableClass";
				FRAMEWORK_SEARCH_PATHS = (
					"$(SDKROOT)/Developer/Library/Frameworks",
					"$(inherited)",
					"$(DEVELOPER_FRAMEWORKS_DIR)",
				);
				GCC_PRECOMPILE_PREFIX_HEADER = YES;
				GCC_PREFIX_HEADER = "DesposableClass/DesposableClass-Prefix.pch";
				GCC_PREPROCESSOR_DEFINITIONS = (
					"DEBUG=1",
					"$(inherited)",
				);
				INFOPLIST_FILE = "DesposableClassTests/DesposableClassTests-Info.plist";
				PRODUCT_NAME = "$(TARGET_NAME)";
				TEST_HOST = "$(BUNDLE_LOADER)";
				WRAPPER_EXTENSION = xctest;
			};
			name = Debug;
		};
		7E4DE09118BFBF690066FC8F /* Release */ = {
			isa = XCBuildConfiguration;
			buildSettings = {
				ARCHS = "$(ARCHS_STANDARD_INCLUDING_64_BIT)";
				BUNDLE_LOADER = "$(BUILT_PRODUCTS_DIR)/DesposableClass.app/DesposableClass";
				FRAMEWORK_SEARCH_PATHS = (
					"$(SDKROOT)/Developer/Library/Frameworks",
					"$(inherited)",
					"$(DEVELOPER_FRAMEWORKS_DIR)",
				);
				GCC_PRECOMPILE_PREFIX_HEADER = YES;
				GCC_PREFIX_HEADER = "DesposableClass/DesposableClass-Prefix.pch";
				INFOPLIST_FILE = "DesposableClassTests/DesposableClassTests-Info.plist";
				PRODUCT_NAME = "$(TARGET_NAME)";
				TEST_HOST = "$(BUNDLE_LOADER)";
				WRAPPER_EXTENSION = xctest;
			};
			name = Release;
		};
/* End XCBuildConfiguration section */

/* Begin XCConfigurationList section */
		7E4DE05B18BFBF680066FC8F /* Build configuration list for PBXProject "DesposableClass" */ = {
			isa = XCConfigurationList;
			buildConfigurations = (
				7E4DE08A18BFBF690066FC8F /* Debug */,
				7E4DE08B18BFBF690066FC8F /* Release */,
			);
			defaultConfigurationIsVisible = 0;
			defaultConfigurationName = Release;
		};
		7E4DE08C18BFBF690066FC8F /* Build configuration list for PBXNativeTarget "DesposableClass" */ = {
			isa = XCConfigurationList;
			buildConfigurations = (
				7E4DE08D18BFBF690066FC8F /* Debug */,
				7E4DE08E18BFBF690066FC8F /* Release */,
			);
			defaultConfigurationIsVisible = 0;
			defaultConfigurationName = Release;
		};
		7E4DE08F18BFBF690066FC8F /* Build configuration list for PBXNativeTarget "DesposableClassTests" */ = {
			isa = XCConfigurationList;
			buildConfigurations = (
				7E4DE09018BFBF690066FC8F /* Debug */,
				7E4DE09118BFBF690066FC8F /* Release */,
			);
			defaultConfigurationIsVisible = 0;
			defaultConfigurationName = Release;
		};
/* End XCConfigurationList section */
	};
	rootObject = 7E4DE05818BFBF680066FC8F /* Project object */;
}
